
Microsoft Visual Studio Solution File, Format Version 12.00
# Visual Studio Version 16
VisualStudioVersion = 16.0.29721.120
MinimumVisualStudioVersion = 10.0.40219.1
Project("{FAE04EC0-301F-11D3-BF4B-00C04F79EFBC}") = "XamarinDtoApp.UWP", "XamarinDtoApp\XamarinDtoApp.UWP\XamarinDtoApp.UWP.csproj", "{BC2DE777-A312-4854-BD24-58AF16CEA569}"
EndProject
Project("{FAE04EC0-301F-11D3-BF4B-00C04F79EFBC}") = "XamarinDtoApp.Android", "XamarinDtoApp\XamarinDtoApp.Android\XamarinDtoApp.Android.csproj", "{F3BFFD1B-3D62-48E0-8A92-673A558E7D33}"
EndProject
Project("{FAE04EC0-301F-11D3-BF4B-00C04F79EFBC}") = "XamarinDtoApp.iOS", "XamarinDtoApp\XamarinDtoApp.iOS\XamarinDtoApp.iOS.csproj", "{18D60C86-4FF1-4A55-8FF5-D6FEA695BDDE}"
EndProject
Project("{9A19103F-16F7-4668-BE54-9A1E7A4F7556}") = "XamarinDtoApp", "XamarinDtoApp\XamarinDtoApp\XamarinDtoApp.csproj", "{E7D573F7-2857-4EA9-B884-7AAB7609A562}"
EndProject
Project("{FAE04EC0-301F-11D3-BF4B-00C04F79EFBC}") = "XamarinDtoApp.Tests", "XamarinDtoApp.Tests\XamarinDtoApp.Tests.csproj", "{8D155FAE-71B3-4562-B804-64BD5E8AE100}"
EndProject
Global
	GlobalSection(SolutionConfigurationPlatforms) = preSolution
		Debug|Any CPU = Debug|Any CPU
		Debug|ARM = Debug|ARM
		Debug|iPhone = Debug|iPhone
		Debug|iPhoneSimulator = Debug|iPhoneSimulator
		Debug|x64 = Debug|x64
		Debug|x86 = Debug|x86
		Release|Any CPU = Release|Any CPU
		Release|ARM = Release|ARM
		Release|iPhone = Release|iPhone
		Release|iPhoneSimulator = Release|iPhoneSimulator
		Release|x64 = Release|x64
		Release|x86 = Release|x86
	EndGlobalSection
	GlobalSection(ProjectConfigurationPlatforms) = postSolution
		{BC2DE777-A312-4854-BD24-58AF16CEA569}.Debug|Any CPU.ActiveCfg = Debug|x86
		{BC2DE777-A312-4854-BD24-58AF16CEA569}.Debug|Any CPU.Build.0 = Debug|x86
		{BC2DE777-A312-4854-BD24-58AF16CEA569}.Debug|Any CPU.Deploy.0 = Debug|x86
		{BC2DE777-A312-4854-BD24-58AF16CEA569}.Debug|ARM.ActiveCfg = Debug|ARM
		{BC2DE777-A312-4854-BD24-58AF16CEA569}.Debug|ARM.Build.0 = Debug|ARM
		{BC2DE777-A312-4854-BD24-58AF16CEA569}.Debug|ARM.Deploy.0 = Debug|ARM
		{BC2DE777-A312-4854-BD24-58AF16CEA569}.Debug|iPhone.ActiveCfg = Debug|x86
		{BC2DE777-A312-4854-BD24-58AF16CEA569}.Debug|iPhone.Build.0 = Debug|x86
		{BC2DE777-A312-4854-BD24-58AF16CEA569}.Debug|iPhone.Deploy.0 = Debug|x86
		{BC2DE777-A312-4854-BD24-58AF16CEA569}.Debug|iPhoneSimulator.ActiveCfg = Debug|x86
		{BC2DE777-A312-4854-BD24-58AF16CEA569}.Debug|iPhoneSimulator.Build.0 = Debug|x86
		{BC2DE777-A312-4854-BD24-58AF16CEA569}.Debug|iPhoneSimulator.Deploy.0 = Debug|x86
		{BC2DE777-A312-4854-BD24-58AF16CEA569}.Debug|x64.ActiveCfg = Debug|x64
		{BC2DE777-A312-4854-BD24-58AF16CEA569}.Debug|x64.Build.0 = Debug|x64
		{BC2DE777-A312-4854-BD24-58AF16CEA569}.Debug|x64.Deploy.0 = Debug|x64
		{BC2DE777-A312-4854-BD24-58AF16CEA569}.Debug|x86.ActiveCfg = Debug|x86
		{BC2DE777-A312-4854-BD24-58AF16CEA569}.Debug|x86.Build.0 = Debug|x86
		{BC2DE777-A312-4854-BD24-58AF16CEA569}.Debug|x86.Deploy.0 = Debug|x86
		{BC2DE777-A312-4854-BD24-58AF16CEA569}.Release|Any CPU.ActiveCfg = Release|x86
		{BC2DE777-A312-4854-BD24-58AF16CEA569}.Release|Any CPU.Build.0 = Release|x86
		{BC2DE777-A312-4854-BD24-58AF16CEA569}.Release|Any CPU.Deploy.0 = Release|x86
		{BC2DE777-A312-4854-BD24-58AF16CEA569}.Release|ARM.ActiveCfg = Release|ARM
		{BC2DE777-A312-4854-BD24-58AF16CEA569}.Release|ARM.Build.0 = Release|ARM
		{BC2DE777-A312-4854-BD24-58AF16CEA569}.Release|ARM.Deploy.0 = Release|ARM
		{BC2DE777-A312-4854-BD24-58AF16CEA569}.Release|iPhone.ActiveCfg = Release|x86
		{BC2DE777-A312-4854-BD24-58AF16CEA569}.Release|iPhone.Build.0 = Release|x86
		{BC2DE777-A312-4854-BD24-58AF16CEA569}.Release|iPhone.Deploy.0 = Release|x86
		{BC2DE777-A312-4854-BD24-58AF16CEA569}.Release|iPhoneSimulator.ActiveCfg = Release|x86
		{BC2DE777-A312-4854-BD24-58AF16CEA569}.Release|iPhoneSimulator.Build.0 = Release|x86
		{BC2DE777-A312-4854-BD24-58AF16CEA569}.Release|iPhoneSimulator.Deploy.0 = Release|x86
		{BC2DE777-A312-4854-BD24-58AF16CEA569}.Release|x64.ActiveCfg = Release|x64
		{BC2DE777-A312-4854-BD24-58AF16CEA569}.Release|x64.Build.0 = Release|x64
		{BC2DE777-A312-4854-BD24-58AF16CEA569}.Release|x64.Deploy.0 = Release|x64
		{BC2DE777-A312-4854-BD24-58AF16CEA569}.Release|x86.ActiveCfg = Release|x86
		{BC2DE777-A312-4854-BD24-58AF16CEA569}.Release|x86.Build.0 = Release|x86
		{BC2DE777-A312-4854-BD24-58AF16CEA569}.Release|x86.Deploy.0 = Release|x86
		{F3BFFD1B-3D62-48E0-8A92-673A558E7D33}.Debug|Any CPU.ActiveCfg = Debug|Any CPU
		{F3BFFD1B-3D62-48E0-8A92-673A558E7D33}.Debug|Any CPU.Build.0 = Debug|Any CPU
		{F3BFFD1B-3D62-48E0-8A92-673A558E7D33}.Debug|Any CPU.Deploy.0 = Debug|Any CPU
		{F3BFFD1B-3D62-48E0-8A92-673A558E7D33}.Debug|ARM.ActiveCfg = Debug|Any CPU
		{F3BFFD1B-3D62-48E0-8A92-673A558E7D33}.Debug|ARM.Build.0 = Debug|Any CPU
		{F3BFFD1B-3D62-48E0-8A92-673A558E7D33}.Debug|ARM.Deploy.0 = Debug|Any CPU
		{F3BFFD1B-3D62-48E0-8A92-673A558E7D33}.Debug|iPhone.ActiveCfg = Debug|Any CPU
		{F3BFFD1B-3D62-48E0-8A92-673A558E7D33}.Debug|iPhone.Build.0 = Debug|Any CPU
		{F3BFFD1B-3D62-48E0-8A92-673A558E7D33}.Debug|iPhone.Deploy.0 = Debug|Any CPU
		{F3BFFD1B-3D62-48E0-8A92-673A558E7D33}.Debug|iPhoneSimulator.ActiveCfg = Debug|Any CPU
		{F3BFFD1B-3D62-48E0-8A92-673A558E7D33}.Debug|iPhoneSimulator.Build.0 = Debug|Any CPU
		{F3BFFD1B-3D62-48E0-8A92-673A558E7D33}.Debug|iPhoneSimulator.Deploy.0 = Debug|Any CPU
		{F3BFFD1B-3D62-48E0-8A92-673A558E7D33}.Debug|x64.ActiveCfg = Debug|Any CPU
		{F3BFFD1B-3D62-48E0-8A92-673A558E7D33}.Debug|x64.Build.0 = Debug|Any CPU
		{F3BFFD1B-3D62-48E0-8A92-673A558E7D33}.Debug|x64.Deploy.0 = Debug|Any CPU
		{F3BFFD1B-3D62-48E0-8A92-673A558E7D33}.Debug|x86.ActiveCfg = Debug|Any CPU
		{F3BFFD1B-3D62-48E0-8A92-673A558E7D33}.Debug|x86.Build.0 = Debug|Any CPU
		{F3BFFD1B-3D62-48E0-8A92-673A558E7D33}.Debug|x86.Deploy.0 = Debug|Any CPU
		{F3BFFD1B-3D62-48E0-8A92-673A558E7D33}.Release|Any CPU.ActiveCfg = Release|Any CPU
		{F3BFFD1B-3D62-48E0-8A92-673A558E7D33}.Release|Any CPU.Build.0 = Release|Any CPU
		{F3BFFD1B-3D62-48E0-8A92-673A558E7D33}.Release|Any CPU.Deploy.0 = Release|Any CPU
		{F3BFFD1B-3D62-48E0-8A92-673A558E7D33}.Release|ARM.ActiveCfg = Release|Any CPU
		{F3BFFD1B-3D62-48E0-8A92-673A558E7D33}.Release|ARM.Build.0 = Release|Any CPU
		{F3BFFD1B-3D62-48E0-8A92-673A558E7D33}.Release|ARM.Deploy.0 = Release|Any CPU
		{F3BFFD1B-3D62-48E0-8A92-673A558E7D33}.Release|iPhone.ActiveCfg = Release|Any CPU
		{F3BFFD1B-3D62-48E0-8A92-673A558E7D33}.Release|iPhone.Build.0 = Release|Any CPU
		{F3BFFD1B-3D62-48E0-8A92-673A558E7D33}.Release|iPhone.Deploy.0 = Release|Any CPU
		{F3BFFD1B-3D62-48E0-8A92-673A558E7D33}.Release|iPhoneSimulator.ActiveCfg = Release|Any CPU
		{F3BFFD1B-3D62-48E0-8A92-673A558E7D33}.Release|iPhoneSimulator.Build.0 = Release|Any CPU
		{F3BFFD1B-3D62-48E0-8A92-673A558E7D33}.Release|iPhoneSimulator.Deploy.0 = Release|Any CPU
		{F3BFFD1B-3D62-48E0-8A92-673A558E7D33}.Release|x64.ActiveCfg = Release|Any CPU
		{F3BFFD1B-3D62-48E0-8A92-673A558E7D33}.Release|x64.Build.0 = Release|Any CPU
		{F3BFFD1B-3D62-48E0-8A92-673A558E7D33}.Release|x64.Deploy.0 = Release|Any CPU
		{F3BFFD1B-3D62-48E0-8A92-673A558E7D33}.Release|x86.ActiveCfg = Release|Any CPU
		{F3BFFD1B-3D62-48E0-8A92-673A558E7D33}.Release|x86.Build.0 = Release|Any CPU
		{F3BFFD1B-3D62-48E0-8A92-673A558E7D33}.Release|x86.Deploy.0 = Release|Any CPU
		{18D60C86-4FF1-4A55-8FF5-D6FEA695BDDE}.Debug|Any CPU.ActiveCfg = Debug|iPhone
		{18D60C86-4FF1-4A55-8FF5-D6FEA695BDDE}.Debug|Any CPU.Build.0 = Debug|iPhone
		{18D60C86-4FF1-4A55-8FF5-D6FEA695BDDE}.Debug|Any CPU.Deploy.0 = Debug|iPhone
		{18D60C86-4FF1-4A55-8FF5-D6FEA695BDDE}.Debug|ARM.ActiveCfg = Debug|iPhone
		{18D60C86-4FF1-4A55-8FF5-D6FEA695BDDE}.Debug|ARM.Build.0 = Debug|iPhone
		{18D60C86-4FF1-4A55-8FF5-D6FEA695BDDE}.Debug|ARM.Deploy.0 = Debug|iPhone
		{18D60C86-4FF1-4A55-8FF5-D6FEA695BDDE}.Debug|iPhone.ActiveCfg = Debug|iPhone
		{18D60C86-4FF1-4A55-8FF5-D6FEA695BDDE}.Debug|iPhone.Build.0 = Debug|iPhone
		{18D60C86-4FF1-4A55-8FF5-D6FEA695BDDE}.Debug|iPhone.Deploy.0 = Debug|iPhone
		{18D60C86-4FF1-4A55-8FF5-D6FEA695BDDE}.Debug|iPhoneSimulator.ActiveCfg = Debug|iPhoneSimulator
		{18D60C86-4FF1-4A55-8FF5-D6FEA695BDDE}.Debug|iPhoneSimulator.Build.0 = Debug|iPhoneSimulator
		{18D60C86-4FF1-4A55-8FF5-D6FEA695BDDE}.Debug|iPhoneSimulator.Deploy.0 = Debug|iPhoneSimulator
		{18D60C86-4FF1-4A55-8FF5-D6FEA695BDDE}.Debug|x64.ActiveCfg = Debug|iPhone
		{18D60C86-4FF1-4A55-8FF5-D6FEA695BDDE}.Debug|x64.Build.0 = Debug|iPhone
		{18D60C86-4FF1-4A55-8FF5-D6FEA695BDDE}.Debug|x64.Deploy.0 = Debug|iPhone
		{18D60C86-4FF1-4A55-8FF5-D6FEA695BDDE}.Debug|x86.ActiveCfg = Debug|iPhone
		{18D60C86-4FF1-4A55-8FF5-D6FEA695BDDE}.Debug|x86.Build.0 = Debug|iPhone
		{18D60C86-4FF1-4A55-8FF5-D6FEA695BDDE}.Debug|x86.Deploy.0 = Debug|iPhone
		{18D60C86-4FF1-4A55-8FF5-D6FEA695BDDE}.Release|Any CPU.ActiveCfg = Release|iPhone
		{18D60C86-4FF1-4A55-8FF5-D6FEA695BDDE}.Release|Any CPU.Build.0 = Release|iPhone
		{18D60C86-4FF1-4A55-8FF5-D6FEA695BDDE}.Release|Any CPU.Deploy.0 = Release|iPhone
		{18D60C86-4FF1-4A55-8FF5-D6FEA695BDDE}.Release|ARM.ActiveCfg = Release|iPhone
		{18D60C86-4FF1-4A55-8FF5-D6FEA695BDDE}.Release|ARM.Build.0 = Release|iPhone
		{18D60C86-4FF1-4A55-8FF5-D6FEA695BDDE}.Release|ARM.Deploy.0 = Release|iPhone
		{18D60C86-4FF1-4A55-8FF5-D6FEA695BDDE}.Release|iPhone.ActiveCfg = Release|iPhone
		{18D60C86-4FF1-4A55-8FF5-D6FEA695BDDE}.Release|iPhone.Build.0 = Release|iPhone
		{18D60C86-4FF1-4A55-8FF5-D6FEA695BDDE}.Release|iPhone.Deploy.0 = Release|iPhone
		{18D60C86-4FF1-4A55-8FF5-D6FEA695BDDE}.Release|iPhoneSimulator.ActiveCfg = Release|iPhoneSimulator
		{18D60C86-4FF1-4A55-8FF5-D6FEA695BDDE}.Release|iPhoneSimulator.Build.0 = Release|iPhoneSimulator
		{18D60C86-4FF1-4A55-8FF5-D6FEA695BDDE}.Release|iPhoneSimulator.Deploy.0 = Release|iPhoneSimulator
		{18D60C86-4FF1-4A55-8FF5-D6FEA695BDDE}.Release|x64.ActiveCfg = Release|iPhone
		{18D60C86-4FF1-4A55-8FF5-D6FEA695BDDE}.Release|x64.Build.0 = Release|iPhone
		{18D60C86-4FF1-4A55-8FF5-D6FEA695BDDE}.Release|x64.Deploy.0 = Release|iPhone
		{18D60C86-4FF1-4A55-8FF5-D6FEA695BDDE}.Release|x86.ActiveCfg = Release|iPhone
		{18D60C86-4FF1-4A55-8FF5-D6FEA695BDDE}.Release|x86.Build.0 = Release|iPhone
		{18D60C86-4FF1-4A55-8FF5-D6FEA695BDDE}.Release|x86.Deploy.0 = Release|iPhone
		{E7D573F7-2857-4EA9-B884-7AAB7609A562}.Debug|Any CPU.ActiveCfg = Debug|Any CPU
		{E7D573F7-2857-4EA9-B884-7AAB7609A562}.Debug|Any CPU.Build.0 = Debug|Any CPU
		{E7D573F7-2857-4EA9-B884-7AAB7609A562}.Debug|Any CPU.Deploy.0 = Debug|Any CPU
		{E7D573F7-2857-4EA9-B884-7AAB7609A562}.Debug|ARM.ActiveCfg = Debug|Any CPU
		{E7D573F7-2857-4EA9-B884-7AAB7609A562}.Debug|ARM.Build.0 = Debug|Any CPU
		{E7D573F7-2857-4EA9-B884-7AAB7609A562}.Debug|ARM.Deploy.0 = Debug|Any CPU
		{E7D573F7-2857-4EA9-B884-7AAB7609A562}.Debug|iPhone.ActiveCfg = Debug|Any CPU
		{E7D573F7-2857-4EA9-B884-7AAB7609A562}.Debug|iPhone.Build.0 = Debug|Any CPU
		{E7D573F7-2857-4EA9-B884-7AAB7609A562}.Debug|iPhone.Deploy.0 = Debug|Any CPU
		{E7D573F7-2857-4EA9-B884-7AAB7609A562}.Debug|iPhoneSimulator.ActiveCfg = Debug|Any CPU
		{E7D573F7-2857-4EA9-B884-7AAB7609A562}.Debug|iPhoneSimulator.Build.0 = Debug|Any CPU
		{E7D573F7-2857-4EA9-B884-7AAB7609A562}.Debug|iPhoneSimulator.Deploy.0 = Debug|Any CPU
		{E7D573F7-2857-4EA9-B884-7AAB7609A562}.Debug|x64.ActiveCfg = Debug|Any CPU
		{E7D573F7-2857-4EA9-B884-7AAB7609A562}.Debug|x64.Build.0 = Debug|Any CPU
		{E7D573F7-2857-4EA9-B884-7AAB7609A562}.Debug|x64.Deploy.0 = Debug|Any CPU
		{E7D573F7-2857-4EA9-B884-7AAB7609A562}.Debug|x86.ActiveCfg = Debug|Any CPU
		{E7D573F7-2857-4EA9-B884-7AAB7609A562}.Debug|x86.Build.0 = Debug|Any CPU
		{E7D573F7-2857-4EA9-B884-7AAB7609A562}.Debug|x86.Deploy.0 = Debug|Any CPU
		{E7D573F7-2857-4EA9-B884-7AAB7609A562}.Release|Any CPU.ActiveCfg = Release|Any CPU
		{E7D573F7-2857-4EA9-B884-7AAB7609A562}.Release|Any CPU.Build.0 = Release|Any CPU
		{E7D573F7-2857-4EA9-B884-7AAB7609A562}.Release|Any CPU.Deploy.0 = Release|Any CPU
		{E7D573F7-2857-4EA9-B884-7AAB7609A562}.Release|ARM.ActiveCfg = Release|Any CPU
		{E7D573F7-2857-4EA9-B884-7AAB7609A562}.Release|ARM.Build.0 = Release|Any CPU
		{E7D573F7-2857-4EA9-B884-7AAB7609A562}.Release|ARM.Deploy.0 = Release|Any CPU
		{E7D573F7-2857-4EA9-B884-7AAB7609A562}.Release|iPhone.ActiveCfg = Release|Any CPU
		{E7D573F7-2857-4EA9-B884-7AAB7609A562}.Release|iPhone.Build.0 = Release|Any CPU
		{E7D573F7-2857-4EA9-B884-7AAB7609A562}.Release|iPhone.Deploy.0 = Release|Any CPU
		{E7D573F7-2857-4EA9-B884-7AAB7609A562}.Release|iPhoneSimulator.ActiveCfg = Release|Any CPU
		{E7D573F7-2857-4EA9-B884-7AAB7609A562}.Release|iPhoneSimulator.Build.0 = Release|Any CPU
		{E7D573F7-2857-4EA9-B884-7AAB7609A562}.Release|iPhoneSimulator.Deploy.0 = Release|Any CPU
		{E7D573F7-2857-4EA9-B884-7AAB7609A562}.Release|x64.ActiveCfg = Release|Any CPU
		{E7D573F7-2857-4EA9-B884-7AAB7609A562}.Release|x64.Build.0 = Release|Any CPU
		{E7D573F7-2857-4EA9-B884-7AAB7609A562}.Release|x64.Deploy.0 = Release|Any CPU
		{E7D573F7-2857-4EA9-B884-7AAB7609A562}.Release|x86.ActiveCfg = Release|Any CPU
		{E7D573F7-2857-4EA9-B884-7AAB7609A562}.Release|x86.Build.0 = Release|Any CPU
		{E7D573F7-2857-4EA9-B884-7AAB7609A562}.Release|x86.Deploy.0 = Release|Any CPU
		{8D155FAE-71B3-4562-B804-64BD5E8AE100}.Debug|Any CPU.ActiveCfg = Debug|Any CPU
		{8D155FAE-71B3-4562-B804-64BD5E8AE100}.Debug|Any CPU.Build.0 = Debug|Any CPU
		{8D155FAE-71B3-4562-B804-64BD5E8AE100}.Debug|ARM.ActiveCfg = Debug|Any CPU
		{8D155FAE-71B3-4562-B804-64BD5E8AE100}.Debug|ARM.Build.0 = Debug|Any CPU
		{8D155FAE-71B3-4562-B804-64BD5E8AE100}.Debug|iPhone.ActiveCfg = Debug|Any CPU
		{8D155FAE-71B3-4562-B804-64BD5E8AE100}.Debug|iPhone.Build.0 = Debug|Any CPU
		{8D155FAE-71B3-4562-B804-64BD5E8AE100}.Debug|iPhoneSimulator.ActiveCfg = Debug|Any CPU
		{8D155FAE-71B3-4562-B804-64BD5E8AE100}.Debug|iPhoneSimulator.Build.0 = Debug|Any CPU
		{8D155FAE-71B3-4562-B804-64BD5E8AE100}.Debug|x64.ActiveCfg = Debug|Any CPU
		{8D155FAE-71B3-4562-B804-64BD5E8AE100}.Debug|x64.Build.0 = Debug|Any CPU
		{8D155FAE-71B3-4562-B804-64BD5E8AE100}.Debug|x86.ActiveCfg = Debug|Any CPU
		{8D155FAE-71B3-4562-B804-64BD5E8AE100}.Debug|x86.Build.0 = Debug|Any CPU
		{8D155FAE-71B3-4562-B804-64BD5E8AE100}.Release|Any CPU.ActiveCfg = Release|Any CPU
		{8D155FAE-71B3-4562-B804-64BD5E8AE100}.Release|Any CPU.Build.0 = Release|Any CPU
		{8D155FAE-71B3-4562-B804-64BD5E8AE100}.Release|ARM.ActiveCfg = Release|Any CPU
		{8D155FAE-71B3-4562-B804-64BD5E8AE100}.Release|ARM.Build.0 = Release|Any CPU
		{8D155FAE-71B3-4562-B804-64BD5E8AE100}.Release|iPhone.ActiveCfg = Release|Any CPU
		{8D155FAE-71B3-4562-B804-64BD5E8AE100}.Release|iPhone.Build.0 = Release|Any CPU
		{8D155FAE-71B3-4562-B804-64BD5E8AE100}.Release|iPhoneSimulator.ActiveCfg = Release|Any CPU
		{8D155FAE-71B3-4562-B804-64BD5E8AE100}.Release|iPhoneSimulator.Build.0 = Release|Any CPU
		{8D155FAE-71B3-4562-B804-64BD5E8AE100}.Release|x64.ActiveCfg = Release|Any CPU
		{8D155FAE-71B3-4562-B804-64BD5E8AE100}.Release|x64.Build.0 = Release|Any CPU
		{8D155FAE-71B3-4562-B804-64BD5E8AE100}.Release|x86.ActiveCfg = Release|Any CPU
		{8D155FAE-71B3-4562-B804-64BD5E8AE100}.Release|x86.Build.0 = Release|Any CPU
	EndGlobalSection
	GlobalSection(SolutionProperties) = preSolution
		HideSolutionNode = FALSE
	EndGlobalSection
	GlobalSection(ExtensibilityGlobals) = postSolution
		SolutionGuid = {F5F3F5D8-23D6-462F-A5A5-9FD648ED1443}
	EndGlobalSection
EndGlobal
